
Microsoft Visual Studio Solution File, Format Version 12.00
# Visual Studio Version 17
VisualStudioVersion = 17.9.34622.214
MinimumVisualStudioVersion = 10.0.40219.1
Project("{9A19103F-16F7-4668-BE54-9A1E7A4F7556}") = "MultiVendor.Core", "MultiVendor.Core\MultiVendor.Core.csproj", "{6C2C4D93-8296-4356-8794-431742D320D4}"
EndProject
Project("{9A19103F-16F7-4668-BE54-9A1E7A4F7556}") = "MultiVendor.Infrastructure", "MultiVendor.Infrastructure\MultiVendor.Infrastructure.csproj", "{B22CF9BF-1814-4DD5-895D-9F93B5F25EA2}"
EndProject
Global
	GlobalSection(SolutionConfigurationPlatforms) = preSolution
		Debug|Any CPU = Debug|Any CPU
		Release|Any CPU = Release|Any CPU
	EndGlobalSection
	GlobalSection(ProjectConfigurationPlatforms) = postSolution
		{6C2C4D93-8296-4356-8794-431742D320D4}.Debug|Any CPU.ActiveCfg = Debug|Any CPU
		{6C2C4D93-8296-4356-8794-431742D320D4}.Debug|Any CPU.Build.0 = Debug|Any CPU
		{6C2C4D93-8296-4356-8794-431742D320D4}.Release|Any CPU.ActiveCfg = Release|Any CPU
		{6C2C4D93-8296-4356-8794-431742D320D4}.Release|Any CPU.Build.0 = Release|Any CPU
		{B22CF9BF-1814-4DD5-895D-9F93B5F25EA2}.Debug|Any CPU.ActiveCfg = Debug|Any CPU
		{B22CF9BF-1814-4DD5-895D-9F93B5F25EA2}.Debug|Any CPU.Build.0 = Debug|Any CPU
		{B22CF9BF-1814-4DD5-895D-9F93B5F25EA2}.Release|Any CPU.ActiveCfg = Release|Any CPU
		{B22CF9BF-1814-4DD5-895D-9F93B5F25EA2}.Release|Any CPU.Build.0 = Release|Any CPU
	EndGlobalSection
	GlobalSection(SolutionProperties) = preSolution
		HideSolutionNode = FALSE
	EndGlobalSection
	GlobalSection(ExtensibilityGlobals) = postSolution
		SolutionGuid = {B618BE01-5285-4347-A773-0C9EBE99A5D7}
	EndGlobalSection
EndGlobal
